
Microsoft Visual Studio Solution File, Format Version 12.00
# Visual Studio Version 17
VisualStudioVersion = 17.0.31903.59
MinimumVisualStudioVersion = 10.0.40219.1
Project("{FAE04EC0-301F-11D3-BF4B-00C04F79EFBC}") = "CallMeSdk", "src\CallMeSdk\CallMeSdk.csproj", "{9C14E1F6-AD45-4381-9483-819CCB05572A}"
EndProject
Project("{2150E333-8FDC-42A3-9474-1A3956D46DE8}") = "src", "src", "{3E40493C-DD3C-46D4-9F3D-9C14925C0A01}"
EndProject
Project("{2150E333-8FDC-42A3-9474-1A3956D46DE8}") = "tests", "tests", "{1763D525-663C-4289-8566-C37A85607C2A}"
EndProject
Project("{2150E333-8FDC-42A3-9474-1A3956D46DE8}") = "clients", "clients", "{29A9E98F-057E-4FD1-B880-3FF9A76EB338}"
EndProject
Project("{FAE04EC0-301F-11D3-BF4B-00C04F79EFBC}") = "CallMeSdk.Client.WebApi", "clients\CallMeSdk.Client.WebApi\CallMeSdk.Client.WebApi.csproj", "{A04A8E30-F3F0-4641-98DD-9516E543AD77}"
EndProject
Project("{FAE04EC0-301F-11D3-BF4B-00C04F79EFBC}") = "CallMeSdk.Client.Terminal", "clients\CallMeSdk.Client.Terminal\CallMeSdk.Client.Terminal.csproj", "{D96BF6B4-D68E-4431-8CD1-3484DCAC557D}"
EndProject
Project("{FAE04EC0-301F-11D3-BF4B-00C04F79EFBC}") = "CallMeSdk.Tests.Unit", "tests\CallMeSdk.Tests.Unit\CallMeSdk.Tests.Unit.csproj", "{15EBB251-F21E-456C-92EE-0158334A3C89}"
EndProject
Project("{FAE04EC0-301F-11D3-BF4B-00C04F79EFBC}") = "CallMeSdk.Tests.Integration", "tests\CallMeSdk.Tests.Integration\CallMeSdk.Tests.Integration.csproj", "{ACB36530-3B5D-4591-9719-D8D62D20F9AF}"
EndProject
Project("{FAE04EC0-301F-11D3-BF4B-00C04F79EFBC}") = "CallMeSdk.Tests.Contract", "tests\CallMeSdk.Tests.Contract\CallMeSdk.Tests.Contract.csproj", "{82A03E3B-16C4-4122-9DE2-F3B80ED679FC}"
EndProject
Project("{FAE04EC0-301F-11D3-BF4B-00C04F79EFBC}") = "CallMeSdk.DataAdapters", "CallMeSdk.DataAdapters\CallMeSdk.DataAdapters.csproj", "{9116745C-9339-4CD0-B780-93FF3095C192}"
EndProject
Global
	GlobalSection(SolutionConfigurationPlatforms) = preSolution
		Debug|Any CPU = Debug|Any CPU
		Debug|x64 = Debug|x64
		Debug|x86 = Debug|x86
		Release|Any CPU = Release|Any CPU
		Release|x64 = Release|x64
		Release|x86 = Release|x86
	EndGlobalSection
	GlobalSection(ProjectConfigurationPlatforms) = postSolution
		{9C14E1F6-AD45-4381-9483-819CCB05572A}.Debug|Any CPU.ActiveCfg = Debug|Any CPU
		{9C14E1F6-AD45-4381-9483-819CCB05572A}.Debug|Any CPU.Build.0 = Debug|Any CPU
		{9C14E1F6-AD45-4381-9483-819CCB05572A}.Debug|x64.ActiveCfg = Debug|Any CPU
		{9C14E1F6-AD45-4381-9483-819CCB05572A}.Debug|x64.Build.0 = Debug|Any CPU
		{9C14E1F6-AD45-4381-9483-819CCB05572A}.Debug|x86.ActiveCfg = Debug|Any CPU
		{9C14E1F6-AD45-4381-9483-819CCB05572A}.Debug|x86.Build.0 = Debug|Any CPU
		{9C14E1F6-AD45-4381-9483-819CCB05572A}.Release|Any CPU.ActiveCfg = Release|Any CPU
		{9C14E1F6-AD45-4381-9483-819CCB05572A}.Release|Any CPU.Build.0 = Release|Any CPU
		{9C14E1F6-AD45-4381-9483-819CCB05572A}.Release|x64.ActiveCfg = Release|Any CPU
		{9C14E1F6-AD45-4381-9483-819CCB05572A}.Release|x64.Build.0 = Release|Any CPU
		{9C14E1F6-AD45-4381-9483-819CCB05572A}.Release|x86.ActiveCfg = Release|Any CPU
		{9C14E1F6-AD45-4381-9483-819CCB05572A}.Release|x86.Build.0 = Release|Any CPU
		{A04A8E30-F3F0-4641-98DD-9516E543AD77}.Debug|Any CPU.ActiveCfg = Debug|Any CPU
		{A04A8E30-F3F0-4641-98DD-9516E543AD77}.Debug|Any CPU.Build.0 = Debug|Any CPU
		{A04A8E30-F3F0-4641-98DD-9516E543AD77}.Debug|x64.ActiveCfg = Debug|Any CPU
		{A04A8E30-F3F0-4641-98DD-9516E543AD77}.Debug|x64.Build.0 = Debug|Any CPU
		{A04A8E30-F3F0-4641-98DD-9516E543AD77}.Debug|x86.ActiveCfg = Debug|Any CPU
		{A04A8E30-F3F0-4641-98DD-9516E543AD77}.Debug|x86.Build.0 = Debug|Any CPU
		{A04A8E30-F3F0-4641-98DD-9516E543AD77}.Release|Any CPU.ActiveCfg = Release|Any CPU
		{A04A8E30-F3F0-4641-98DD-9516E543AD77}.Release|Any CPU.Build.0 = Release|Any CPU
		{A04A8E30-F3F0-4641-98DD-9516E543AD77}.Release|x64.ActiveCfg = Release|Any CPU
		{A04A8E30-F3F0-4641-98DD-9516E543AD77}.Release|x64.Build.0 = Release|Any CPU
		{A04A8E30-F3F0-4641-98DD-9516E543AD77}.Release|x86.ActiveCfg = Release|Any CPU
		{A04A8E30-F3F0-4641-98DD-9516E543AD77}.Release|x86.Build.0 = Release|Any CPU
		{D96BF6B4-D68E-4431-8CD1-3484DCAC557D}.Debug|Any CPU.ActiveCfg = Debug|Any CPU
		{D96BF6B4-D68E-4431-8CD1-3484DCAC557D}.Debug|Any CPU.Build.0 = Debug|Any CPU
		{D96BF6B4-D68E-4431-8CD1-3484DCAC557D}.Debug|x64.ActiveCfg = Debug|Any CPU
		{D96BF6B4-D68E-4431-8CD1-3484DCAC557D}.Debug|x64.Build.0 = Debug|Any CPU
		{D96BF6B4-D68E-4431-8CD1-3484DCAC557D}.Debug|x86.ActiveCfg = Debug|Any CPU
		{D96BF6B4-D68E-4431-8CD1-3484DCAC557D}.Debug|x86.Build.0 = Debug|Any CPU
		{D96BF6B4-D68E-4431-8CD1-3484DCAC557D}.Release|Any CPU.ActiveCfg = Release|Any CPU
		{D96BF6B4-D68E-4431-8CD1-3484DCAC557D}.Release|Any CPU.Build.0 = Release|Any CPU
		{D96BF6B4-D68E-4431-8CD1-3484DCAC557D}.Release|x64.ActiveCfg = Release|Any CPU
		{D96BF6B4-D68E-4431-8CD1-3484DCAC557D}.Release|x64.Build.0 = Release|Any CPU
		{D96BF6B4-D68E-4431-8CD1-3484DCAC557D}.Release|x86.ActiveCfg = Release|Any CPU
		{D96BF6B4-D68E-4431-8CD1-3484DCAC557D}.Release|x86.Build.0 = Release|Any CPU
		{15EBB251-F21E-456C-92EE-0158334A3C89}.Debug|Any CPU.ActiveCfg = Debug|Any CPU
		{15EBB251-F21E-456C-92EE-0158334A3C89}.Debug|Any CPU.Build.0 = Debug|Any CPU
		{15EBB251-F21E-456C-92EE-0158334A3C89}.Debug|x64.ActiveCfg = Debug|Any CPU
		{15EBB251-F21E-456C-92EE-0158334A3C89}.Debug|x64.Build.0 = Debug|Any CPU
		{15EBB251-F21E-456C-92EE-0158334A3C89}.Debug|x86.ActiveCfg = Debug|Any CPU
		{15EBB251-F21E-456C-92EE-0158334A3C89}.Debug|x86.Build.0 = Debug|Any CPU
		{15EBB251-F21E-456C-92EE-0158334A3C89}.Release|Any CPU.ActiveCfg = Release|Any CPU
		{15EBB251-F21E-456C-92EE-0158334A3C89}.Release|Any CPU.Build.0 = Release|Any CPU
		{15EBB251-F21E-456C-92EE-0158334A3C89}.Release|x64.ActiveCfg = Release|Any CPU
		{15EBB251-F21E-456C-92EE-0158334A3C89}.Release|x64.Build.0 = Release|Any CPU
		{15EBB251-F21E-456C-92EE-0158334A3C89}.Release|x86.ActiveCfg = Release|Any CPU
		{15EBB251-F21E-456C-92EE-0158334A3C89}.Release|x86.Build.0 = Release|Any CPU
		{ACB36530-3B5D-4591-9719-D8D62D20F9AF}.Debug|Any CPU.ActiveCfg = Debug|Any CPU
		{ACB36530-3B5D-4591-9719-D8D62D20F9AF}.Debug|Any CPU.Build.0 = Debug|Any CPU
		{ACB36530-3B5D-4591-9719-D8D62D20F9AF}.Debug|x64.ActiveCfg = Debug|Any CPU
		{ACB36530-3B5D-4591-9719-D8D62D20F9AF}.Debug|x64.Build.0 = Debug|Any CPU
		{ACB36530-3B5D-4591-9719-D8D62D20F9AF}.Debug|x86.ActiveCfg = Debug|Any CPU
		{ACB36530-3B5D-4591-9719-D8D62D20F9AF}.Debug|x86.Build.0 = Debug|Any CPU
		{ACB36530-3B5D-4591-9719-D8D62D20F9AF}.Release|Any CPU.ActiveCfg = Release|Any CPU
		{ACB36530-3B5D-4591-9719-D8D62D20F9AF}.Release|Any CPU.Build.0 = Release|Any CPU
		{ACB36530-3B5D-4591-9719-D8D62D20F9AF}.Release|x64.ActiveCfg = Release|Any CPU
		{ACB36530-3B5D-4591-9719-D8D62D20F9AF}.Release|x64.Build.0 = Release|Any CPU
		{ACB36530-3B5D-4591-9719-D8D62D20F9AF}.Release|x86.ActiveCfg = Release|Any CPU
		{ACB36530-3B5D-4591-9719-D8D62D20F9AF}.Release|x86.Build.0 = Release|Any CPU
		{82A03E3B-16C4-4122-9DE2-F3B80ED679FC}.Debug|Any CPU.ActiveCfg = Debug|Any CPU
		{82A03E3B-16C4-4122-9DE2-F3B80ED679FC}.Debug|Any CPU.Build.0 = Debug|Any CPU
		{82A03E3B-16C4-4122-9DE2-F3B80ED679FC}.Debug|x64.ActiveCfg = Debug|Any CPU
		{82A03E3B-16C4-4122-9DE2-F3B80ED679FC}.Debug|x64.Build.0 = Debug|Any CPU
		{82A03E3B-16C4-4122-9DE2-F3B80ED679FC}.Debug|x86.ActiveCfg = Debug|Any CPU
		{82A03E3B-16C4-4122-9DE2-F3B80ED679FC}.Debug|x86.Build.0 = Debug|Any CPU
		{82A03E3B-16C4-4122-9DE2-F3B80ED679FC}.Release|Any CPU.ActiveCfg = Release|Any CPU
		{82A03E3B-16C4-4122-9DE2-F3B80ED679FC}.Release|Any CPU.Build.0 = Release|Any CPU
		{82A03E3B-16C4-4122-9DE2-F3B80ED679FC}.Release|x64.ActiveCfg = Release|Any CPU
		{82A03E3B-16C4-4122-9DE2-F3B80ED679FC}.Release|x64.Build.0 = Release|Any CPU
		{82A03E3B-16C4-4122-9DE2-F3B80ED679FC}.Release|x86.ActiveCfg = Release|Any CPU
		{82A03E3B-16C4-4122-9DE2-F3B80ED679FC}.Release|x86.Build.0 = Release|Any CPU
		{9116745C-9339-4CD0-B780-93FF3095C192}.Debug|Any CPU.ActiveCfg = Debug|Any CPU
		{9116745C-9339-4CD0-B780-93FF3095C192}.Debug|Any CPU.Build.0 = Debug|Any CPU
		{9116745C-9339-4CD0-B780-93FF3095C192}.Debug|x64.ActiveCfg = Debug|Any CPU
		{9116745C-9339-4CD0-B780-93FF3095C192}.Debug|x64.Build.0 = Debug|Any CPU
		{9116745C-9339-4CD0-B780-93FF3095C192}.Debug|x86.ActiveCfg = Debug|Any CPU
		{9116745C-9339-4CD0-B780-93FF3095C192}.Debug|x86.Build.0 = Debug|Any CPU
		{9116745C-9339-4CD0-B780-93FF3095C192}.Release|Any CPU.ActiveCfg = Release|Any CPU
		{9116745C-9339-4CD0-B780-93FF3095C192}.Release|Any CPU.Build.0 = Release|Any CPU
		{9116745C-9339-4CD0-B780-93FF3095C192}.Release|x64.ActiveCfg = Release|Any CPU
		{9116745C-9339-4CD0-B780-93FF3095C192}.Release|x64.Build.0 = Release|Any CPU
		{9116745C-9339-4CD0-B780-93FF3095C192}.Release|x86.ActiveCfg = Release|Any CPU
		{9116745C-9339-4CD0-B780-93FF3095C192}.Release|x86.Build.0 = Release|Any CPU
	EndGlobalSection
	GlobalSection(SolutionProperties) = preSolution
		HideSolutionNode = FALSE
	EndGlobalSection
	GlobalSection(NestedProjects) = preSolution
		{9C14E1F6-AD45-4381-9483-819CCB05572A} = {3E40493C-DD3C-46D4-9F3D-9C14925C0A01}
		{A04A8E30-F3F0-4641-98DD-9516E543AD77} = {29A9E98F-057E-4FD1-B880-3FF9A76EB338}
		{D96BF6B4-D68E-4431-8CD1-3484DCAC557D} = {29A9E98F-057E-4FD1-B880-3FF9A76EB338}
		{15EBB251-F21E-456C-92EE-0158334A3C89} = {1763D525-663C-4289-8566-C37A85607C2A}
		{ACB36530-3B5D-4591-9719-D8D62D20F9AF} = {1763D525-663C-4289-8566-C37A85607C2A}
		{82A03E3B-16C4-4122-9DE2-F3B80ED679FC} = {1763D525-663C-4289-8566-C37A85607C2A}
		{9116745C-9339-4CD0-B780-93FF3095C192} = {3E40493C-DD3C-46D4-9F3D-9C14925C0A01}
	EndGlobalSection
EndGlobal
